<?xml version="1.0" encoding="utf-8"?>
<Project ToolsVersion="4.0" xmlns="http://schemas.microsoft.com/developer/msbuild/2003">
  <ItemGroup>
    <Filter Include="Source Files">
      <UniqueIdentifier>{4FC737F1-C7A5-4376-A066-2A32D752A2FF}</UniqueIdentifier>
      <Extensions>cpp;c;cc;cxx;c++;cppm;ixx;def;odl;idl;hpj;bat;asm;asmx</Extensions>
    </Filter>
    <Filter Include="Header Files">
      <UniqueIdentifier>{93995380-89BD-4b04-88EB-625FBE52EBFB}</UniqueIdentifier>
      <Extensions>h;hh;hpp;hxx;h++;hm;inl;inc;ipp;xsd</Extensions>
    </Filter>
    <Filter Include="Resource Files">
      <UniqueIdentifier>{67DA6AB6-F800-4c08-8B7A-83BB121AAD01}</UniqueIdentifier>
      <Extensions>rc;ico;cur;bmp;dlg;rc2;rct;bin;rgs;gif;jpg;jpeg;jpe;resx;tiff;tif;png;wav;mfcribbon-ms</Extensions>
    </Filter>
  </ItemGroup>
  <ItemGroup>
    <ClCompile Include="login.cpp">
      <Filter>Source Files</Filter>
    </ClCompile>
    <ClCompile Include="MainForm.cpp">
      <Filter>Source Files</Filter>
    </ClCompile>
    <ClCompile Include="Student.cpp">
      <Filter>Source Files</Filter>
    </ClCompile>
    <ClCompile Include="Faculty.cpp">
      <Filter>Source Files</Filter>
    </ClCompile>
    <ClCompile Include="Administrator.cpp">
      <Filter>Source Files</Filter>
    </ClCompile>
    <ClCompile Include="CourseRegistration.cpp">
      <Filter>Source Files</Filter>
    </ClCompile>
    <ClCompile Include="PayFees.cpp">
      <Filter>Source Files</Filter>
    </ClCompile>
    <ClCompile Include="ViewGrades.cpp">
      <Filter>Source Files</Filter>
    </ClCompile>
    <ClCompile Include="ManageProfile.cpp">
      <Filter>Source Files</Filter>
    </ClCompile>
    <ClCompile Include="EnterGrades.cpp">
      <Filter>Source Files</Filter>
    </ClCompile>
    <ClCompile Include="ViewRoster.cpp">
      <Filter>Source Files</Filter>
    </ClCompile>
    <ClCompile Include="AddFaculty1.cpp">
      <Filter>Source Files</Filter>
    </ClCompile>
    <ClCompile Include="AddCourse.cpp">
      <Filter>Source Files</Filter>
    </ClCompile>
    <ClCompile Include="DeleteFaculty.cpp">
      <Filter>Source Files</Filter>
    </ClCompile>
    <ClCompile Include="DeleteCourse.cpp">
      <Filter>Source Files</Filter>
    </ClCompile>
    <ClCompile Include="UpdateUser.cpp">
      <Filter>Source Files</Filter>
    </ClCompile>
    <ClCompile Include="UpdateCourse.cpp">
      <Filter>Source Files</Filter>
    </ClCompile>
    <ClCompile Include="StudentManagement.cpp">
      <Filter>Source Files</Filter>
    </ClCompile>
    <ClCompile Include="FacultyManagement.cpp">
      <Filter>Source Files</Filter>
    </ClCompile>
    <ClCompile Include="CourseManagement.cpp">
      <Filter>Source Files</Filter>
    </ClCompile>
    <ClCompile Include="AddStudent.cpp">
      <Filter>Source Files</Filter>
    </ClCompile>
    <ClCompile Include="AdminSignUp.cpp">
      <Filter>Source Files</Filter>
    </ClCompile>
    <ClCompile Include="Transcript.cpp">
      <Filter>Source Files</Filter>
    </ClCompile>
    <ClCompile Include="Generatereport.cpp">
      <Filter>Source Files</Filter>
    </ClCompile>
    <ClCompile Include="PasswordReset.cpp">
      <Filter>Source Files</Filter>
    </ClCompile>
    <ClCompile Include="ManageCourseMaterials.cpp">
      <Filter>Source Files</Filter>
    </ClCompile>
    <ClCompile Include="ManageFinances.cpp">
      <Filter>Source Files</Filter>
    </ClCompile>
    <ClCompile Include="VerifyEnrollment.cpp">
      <Filter>Source Files</Filter>
    </ClCompile>
    <ClCompile Include="UpdatePassword.cpp">
      <Filter>Source Files</Filter>
    </ClCompile>
  </ItemGroup>
  <ItemGroup>
    <ClInclude Include="login.h">
      <Filter>Header Files</Filter>
    </ClInclude>
    <ClInclude Include="MainForm.h">
      <Filter>Header Files</Filter>
    </ClInclude>
    <ClInclude Include="Student.h">
      <Filter>Header Files</Filter>
    </ClInclude>
    <ClInclude Include="Faculty.h">
      <Filter>Header Files</Filter>
    </ClInclude>
    <ClInclude Include="Administrator.h">
      <Filter>Header Files</Filter>
    </ClInclude>
    <ClInclude Include="CourseRegistration.h">
      <Filter>Header Files</Filter>
    </ClInclude>
    <ClInclude Include="PayFees.h">
      <Filter>Header Files</Filter>
    </ClInclude>
    <ClInclude Include="ViewGrades.h">
      <Filter>Header Files</Filter>
    </ClInclude>
    <ClInclude Include="ManageProfile.h">
      <Filter>Header Files</Filter>
    </ClInclude>
    <ClInclude Include="EnterGrades.h">
      <Filter>Header Files</Filter>
    </ClInclude>
    <ClInclude Include="ViewRoster.h">
      <Filter>Header Files</Filter>
    </ClInclude>
    <ClInclude Include="AddFaculty1.h">
      <Filter>Header Files</Filter>
    </ClInclude>
    <ClInclude Include="AddCourse.h">
      <Filter>Header Files</Filter>
    </ClInclude>
    <ClInclude Include="DeleteFaculty.h">
      <Filter>Header Files</Filter>
    </ClInclude>
    <ClInclude Include="DeleteCourse.h">
      <Filter>Header Files</Filter>
    </ClInclude>
    <ClInclude Include="UpdateUser.h">
      <Filter>Header Files</Filter>
    </ClInclude>
    <ClInclude Include="UpdateCourse.h">
      <Filter>Header Files</Filter>
    </ClInclude>
    <ClInclude Include="StudentManagement.h">
      <Filter>Header Files</Filter>
    </ClInclude>
    <ClInclude Include="FacultyManagement.h">
      <Filter>Header Files</Filter>
    </ClInclude>
    <ClInclude Include="CourseManagement.h">
      <Filter>Header Files</Filter>
    </ClInclude>
    <ClInclude Include="AddStudent.h">
      <Filter>Header Files</Filter>
    </ClInclude>
    <ClInclude Include="AdminSignUp.h">
      <Filter>Header Files</Filter>
    </ClInclude>
    <ClInclude Include="Transcript.h">
      <Filter>Header Files</Filter>
    </ClInclude>
    <ClInclude Include="Generatereport.h">
      <Filter>Header Files</Filter>
    </ClInclude>
    <ClInclude Include="PasswordReset.h">
      <Filter>Header Files</Filter>
    </ClInclude>
    <ClInclude Include="ManageCourseMaterials.h">
      <Filter>Header Files</Filter>
    </ClInclude>
    <ClInclude Include="ManageFinances.h">
      <Filter>Header Files</Filter>
    </ClInclude>
    <ClInclude Include="VerifyEnrollment.h">
      <Filter>Header Files</Filter>
    </ClInclude>
    <ClInclude Include="UpdatePassword.h">
      <Filter>Header Files</Filter>
    </ClInclude>
  </ItemGroup>
</Project>